// !$*UTF8*$!
{
	archiveVersion = 1;
	classes = {
	};
	objectVersion = 46;
	objects = {

/* Begin PBXBuildFile section */
		03610A5618954F48002C5CCD /* EntranceWorkSpace.m in Sources */ = {isa = PBXBuildFile; fileRef = 03610A5418954F48002C5CCD /* EntranceWorkSpace.m */; };
		03610A5718954F48002C5CCD /* EntranceWorkSpace.xib in Resources */ = {isa = PBXBuildFile; fileRef = 03610A5518954F48002C5CCD /* EntranceWorkSpace.xib */; };
		0369B08D188FDD91004DE207 /* Accelerate.framework in Frameworks */ = {isa = PBXBuildFile; fileRef = 0369B08C188FDD91004DE207 /* Accelerate.framework */; };
		0369B08F188FDD91004DE207 /* AVFoundation.framework in Frameworks */ = {isa = PBXBuildFile; fileRef = 0369B08E188FDD91004DE207 /* AVFoundation.framework */; };
		0369B091188FDD91004DE207 /* CoreFoundation.framework in Frameworks */ = {isa = PBXBuildFile; fileRef = 0369B090188FDD91004DE207 /* CoreFoundation.framework */; };
		0369B093188FDD91004DE207 /* CoreGraphics.framework in Frameworks */ = {isa = PBXBuildFile; fileRef = 0369B092188FDD91004DE207 /* CoreGraphics.framework */; };
		0369B095188FDD91004DE207 /* CoreImage.framework in Frameworks */ = {isa = PBXBuildFile; fileRef = 0369B094188FDD91004DE207 /* CoreImage.framework */; };
		0369B097188FDD91004DE207 /* CoreMedia.framework in Frameworks */ = {isa = PBXBuildFile; fileRef = 0369B096188FDD91004DE207 /* CoreMedia.framework */; };
		0369B099188FDD91004DE207 /* CoreText.framework in Frameworks */ = {isa = PBXBuildFile; fileRef = 0369B098188FDD91004DE207 /* CoreText.framework */; };
		0369B09B188FDD91004DE207 /* Foundation.framework in Frameworks */ = {isa = PBXBuildFile; fileRef = 0369B09A188FDD91004DE207 /* Foundation.framework */; };
		0369B09D188FDD91004DE207 /* OpenGLES.framework in Frameworks */ = {isa = PBXBuildFile; fileRef = 0369B09C188FDD91004DE207 /* OpenGLES.framework */; };
		0369B09F188FDD91004DE207 /* QuartzCore.framework in Frameworks */ = {isa = PBXBuildFile; fileRef = 0369B09E188FDD91004DE207 /* QuartzCore.framework */; };
		0369B0A1188FDD91004DE207 /* UIKit.framework in Frameworks */ = {isa = PBXBuildFile; fileRef = 0369B0A0188FDD91004DE207 /* UIKit.framework */; };
		0369B0A7188FDD91004DE207 /* InfoPlist.strings in Resources */ = {isa = PBXBuildFile; fileRef = 0369B0A5188FDD91004DE207 /* InfoPlist.strings */; };
		0369B0A9188FDD91004DE207 /* main.m in Sources */ = {isa = PBXBuildFile; fileRef = 0369B0A8188FDD91004DE207 /* main.m */; };
		0369B0AF188FDD91004DE207 /* Media.xcassets in Resources */ = {isa = PBXBuildFile; fileRef = 0369B0AE188FDD91004DE207 /* Media.xcassets */; };
		0369B0DE188FDD92004DE207 /* C4AppDelegate.m in Sources */ = {isa = PBXBuildFile; fileRef = 0369B0DD188FDD92004DE207 /* C4AppDelegate.m */; };
		0369B0E0188FDD92004DE207 /* C4Loop.aif in Resources */ = {isa = PBXBuildFile; fileRef = 0369B0DF188FDD92004DE207 /* C4Loop.aif */; };
		0369B0E2188FDD92004DE207 /* inception.mov in Resources */ = {isa = PBXBuildFile; fileRef = 0369B0E1188FDD92004DE207 /* inception.mov */; };
		0369B0E4188FDD92004DE207 /* libC4.a in Frameworks */ = {isa = PBXBuildFile; fileRef = 0369B0E3188FDD92004DE207 /* libC4.a */; };
		0369B0E8188FDD92004DE207 /* Main.storyboard in Resources */ = {isa = PBXBuildFile; fileRef = 0369B0E6188FDD92004DE207 /* Main.storyboard */; };
		0369B0EB188FDD92004DE207 /* C4WorkSpace.m in Sources */ = {isa = PBXBuildFile; fileRef = 0369B0EA188FDD92004DE207 /* C4WorkSpace.m */; };
		0369B0F2188FDD92004DE207 /* XCTest.framework in Frameworks */ = {isa = PBXBuildFile; fileRef = 0369B0F1188FDD92004DE207 /* XCTest.framework */; };
		0369B0F3188FDD92004DE207 /* Foundation.framework in Frameworks */ = {isa = PBXBuildFile; fileRef = 0369B09A188FDD91004DE207 /* Foundation.framework */; };
		0369B0F4188FDD92004DE207 /* UIKit.framework in Frameworks */ = {isa = PBXBuildFile; fileRef = 0369B0A0188FDD91004DE207 /* UIKit.framework */; };
		0369B0FC188FDD92004DE207 /* InfoPlist.strings in Resources */ = {isa = PBXBuildFile; fileRef = 0369B0FA188FDD92004DE207 /* InfoPlist.strings */; };
		0369B0FE188FDD92004DE207 /* SmileTests.m in Sources */ = {isa = PBXBuildFile; fileRef = 0369B0FD188FDD92004DE207 /* SmileTests.m */; };
		0369B108188FDE7A004DE207 /* d.png in Resources */ = {isa = PBXBuildFile; fileRef = 0369B107188FDE7A004DE207 /* d.png */; };
		0369B10A188FDFD7004DE207 /* border.png in Resources */ = {isa = PBXBuildFile; fileRef = 0369B109188FDFD7004DE207 /* border.png */; };
		037317F21892529000788A63 /* WorkSpaceA.m in Sources */ = {isa = PBXBuildFile; fileRef = 037317F01892529000788A63 /* WorkSpaceA.m */; };
		037317F31892529000788A63 /* WorkSpaceA.xib in Resources */ = {isa = PBXBuildFile; fileRef = 037317F11892529000788A63 /* WorkSpaceA.xib */; };
		037317F7189252A000788A63 /* WorkSpaceB.m in Sources */ = {isa = PBXBuildFile; fileRef = 037317F5189252A000788A63 /* WorkSpaceB.m */; };
		037317F8189252A000788A63 /* WorkSpaceB.xib in Resources */ = {isa = PBXBuildFile; fileRef = 037317F6189252A000788A63 /* WorkSpaceB.xib */; };
		037317FB1892621000788A63 /* BaseWorkSpace.m in Sources */ = {isa = PBXBuildFile; fileRef = 037317FA1892621000788A63 /* BaseWorkSpace.m */; };
		037317FD1892776500788A63 /* d_small.png in Resources */ = {isa = PBXBuildFile; fileRef = 037317FC1892776500788A63 /* d_small.png */; };
		037318001892EC8D00788A63 /* d4.wav in Resources */ = {isa = PBXBuildFile; fileRef = 037317FF1892EC8D00788A63 /* d4.wav */; };
		037318021893485700788A63 /* Images.xcassets in Resources */ = {isa = PBXBuildFile; fileRef = 037318011893485700788A63 /* Images.xcassets */; };
		04371DD356AC48C3A13ED700 /* libPods-SmileTests.a in Frameworks */ = {isa = PBXBuildFile; fileRef = 6AF57FCE95B04AB8B7C96AA8 /* libPods-SmileTests.a */; };
		0F1E35241E744BCB98A26C4C /* libPods.a in Frameworks */ = {isa = PBXBuildFile; fileRef = 06E94246D09A4255A0CBE775 /* libPods.a */; };
/* End PBXBuildFile section */

/* Begin PBXContainerItemProxy section */
		0369B0F5188FDD92004DE207 /* PBXContainerItemProxy */ = {
			isa = PBXContainerItemProxy;
			containerPortal = 0369B081188FDD91004DE207 /* Project object */;
			proxyType = 1;
			remoteGlobalIDString = 0369B088188FDD91004DE207;
			remoteInfo = Smile;
		};
/* End PBXContainerItemProxy section */

/* Begin PBXFileReference section */
		03610A5318954F48002C5CCD /* EntranceWorkSpace.h */ = {isa = PBXFileReference; fileEncoding = 4; lastKnownFileType = sourcecode.c.h; path = EntranceWorkSpace.h; sourceTree = "<group>"; };
		03610A5418954F48002C5CCD /* EntranceWorkSpace.m */ = {isa = PBXFileReference; fileEncoding = 4; lastKnownFileType = sourcecode.c.objc; path = EntranceWorkSpace.m; sourceTree = "<group>"; };
		03610A5518954F48002C5CCD /* EntranceWorkSpace.xib */ = {isa = PBXFileReference; fileEncoding = 4; lastKnownFileType = file.xib; path = EntranceWorkSpace.xib; sourceTree = "<group>"; };
		0369B089188FDD91004DE207 /* Smile.app */ = {isa = PBXFileReference; explicitFileType = wrapper.application; includeInIndex = 0; path = Smile.app; sourceTree = BUILT_PRODUCTS_DIR; };
		0369B08C188FDD91004DE207 /* Accelerate.framework */ = {isa = PBXFileReference; lastKnownFileType = wrapper.framework; name = Accelerate.framework; path = System/Library/Frameworks/Accelerate.framework; sourceTree = SDKROOT; };
		0369B08E188FDD91004DE207 /* AVFoundation.framework */ = {isa = PBXFileReference; lastKnownFileType = wrapper.framework; name = AVFoundation.framework; path = System/Library/Frameworks/AVFoundation.framework; sourceTree = SDKROOT; };
		0369B090188FDD91004DE207 /* CoreFoundation.framework */ = {isa = PBXFileReference; lastKnownFileType = wrapper.framework; name = CoreFoundation.framework; path = System/Library/Frameworks/CoreFoundation.framework; sourceTree = SDKROOT; };
		0369B092188FDD91004DE207 /* CoreGraphics.framework */ = {isa = PBXFileReference; lastKnownFileType = wrapper.framework; name = CoreGraphics.framework; path = System/Library/Frameworks/CoreGraphics.framework; sourceTree = SDKROOT; };
		0369B094188FDD91004DE207 /* CoreImage.framework */ = {isa = PBXFileReference; lastKnownFileType = wrapper.framework; name = CoreImage.framework; path = System/Library/Frameworks/CoreImage.framework; sourceTree = SDKROOT; };
		0369B096188FDD91004DE207 /* CoreMedia.framework */ = {isa = PBXFileReference; lastKnownFileType = wrapper.framework; name = CoreMedia.framework; path = System/Library/Frameworks/CoreMedia.framework; sourceTree = SDKROOT; };
		0369B098188FDD91004DE207 /* CoreText.framework */ = {isa = PBXFileReference; lastKnownFileType = wrapper.framework; name = CoreText.framework; path = System/Library/Frameworks/CoreText.framework; sourceTree = SDKROOT; };
		0369B09A188FDD91004DE207 /* Foundation.framework */ = {isa = PBXFileReference; lastKnownFileType = wrapper.framework; name = Foundation.framework; path = System/Library/Frameworks/Foundation.framework; sourceTree = SDKROOT; };
		0369B09C188FDD91004DE207 /* OpenGLES.framework */ = {isa = PBXFileReference; lastKnownFileType = wrapper.framework; name = OpenGLES.framework; path = System/Library/Frameworks/OpenGLES.framework; sourceTree = SDKROOT; };
		0369B09E188FDD91004DE207 /* QuartzCore.framework */ = {isa = PBXFileReference; lastKnownFileType = wrapper.framework; name = QuartzCore.framework; path = System/Library/Frameworks/QuartzCore.framework; sourceTree = SDKROOT; };
		0369B0A0188FDD91004DE207 /* UIKit.framework */ = {isa = PBXFileReference; lastKnownFileType = wrapper.framework; name = UIKit.framework; path = System/Library/Frameworks/UIKit.framework; sourceTree = SDKROOT; };
		0369B0A4188FDD91004DE207 /* Smile-Info.plist */ = {isa = PBXFileReference; lastKnownFileType = text.plist.xml; path = "Smile-Info.plist"; sourceTree = "<group>"; };
		0369B0A6188FDD91004DE207 /* en */ = {isa = PBXFileReference; lastKnownFileType = text.plist.strings; name = en; path = en.lproj/InfoPlist.strings; sourceTree = "<group>"; };
		0369B0A8188FDD91004DE207 /* main.m */ = {isa = PBXFileReference; lastKnownFileType = sourcecode.c.objc; path = main.m; sourceTree = "<group>"; };
		0369B0AA188FDD91004DE207 /* Smile-Prefix.pch */ = {isa = PBXFileReference; lastKnownFileType = sourcecode.c.h; path = "Smile-Prefix.pch"; sourceTree = "<group>"; };
		0369B0AE188FDD91004DE207 /* Media.xcassets */ = {isa = PBXFileReference; lastKnownFileType = folder.assetcatalog; path = Media.xcassets; sourceTree = "<group>"; };
		0369B0B1188FDD91004DE207 /* C4ActivityIndicator.h */ = {isa = PBXFileReference; lastKnownFileType = sourcecode.c.h; name = C4ActivityIndicator.h; path = Headers/C4ActivityIndicator.h; sourceTree = "<group>"; };
		0369B0B2188FDD91004DE207 /* C4AddSubview.h */ = {isa = PBXFileReference; lastKnownFileType = sourcecode.c.h; name = C4AddSubview.h; path = Headers/C4AddSubview.h; sourceTree = "<group>"; };
		0369B0B3188FDD91004DE207 /* C4AppDelegate.h */ = {isa = PBXFileReference; lastKnownFileType = sourcecode.c.h; name = C4AppDelegate.h; path = Headers/C4AppDelegate.h; sourceTree = "<group>"; };
		0369B0B4188FDD91004DE207 /* C4AssertionHandler.h */ = {isa = PBXFileReference; lastKnownFileType = sourcecode.c.h; name = C4AssertionHandler.h; path = Headers/C4AssertionHandler.h; sourceTree = "<group>"; };
		0369B0B5188FDD91004DE207 /* C4Button.h */ = {isa = PBXFileReference; lastKnownFileType = sourcecode.c.h; name = C4Button.h; path = Headers/C4Button.h; sourceTree = "<group>"; };
		0369B0B6188FDD91004DE207 /* C4Camera.h */ = {isa = PBXFileReference; lastKnownFileType = sourcecode.c.h; name = C4Camera.h; path = Headers/C4Camera.h; sourceTree = "<group>"; };
		0369B0B7188FDD91004DE207 /* C4CameraController.h */ = {isa = PBXFileReference; lastKnownFileType = sourcecode.c.h; name = C4CameraController.h; path = Headers/C4CameraController.h; sourceTree = "<group>"; };
		0369B0B8188FDD91004DE207 /* C4CameraLayer.h */ = {isa = PBXFileReference; lastKnownFileType = sourcecode.c.h; name = C4CameraLayer.h; path = Headers/C4CameraLayer.h; sourceTree = "<group>"; };
		0369B0B9188FDD91004DE207 /* C4CanvasController.h */ = {isa = PBXFileReference; lastKnownFileType = sourcecode.c.h; name = C4CanvasController.h; path = Headers/C4CanvasController.h; sourceTree = "<group>"; };
		0369B0BA188FDD91004DE207 /* C4Control.h */ = {isa = PBXFileReference; lastKnownFileType = sourcecode.c.h; name = C4Control.h; path = Headers/C4Control.h; sourceTree = "<group>"; };
		0369B0BB188FDD91004DE207 /* C4Defines.h */ = {isa = PBXFileReference; lastKnownFileType = sourcecode.c.h; name = C4Defines.h; path = Headers/C4Defines.h; sourceTree = "<group>"; };
		0369B0BC188FDD91004DE207 /* C4EAGLES1Renderer.h */ = {isa = PBXFileReference; lastKnownFileType = sourcecode.c.h; name = C4EAGLES1Renderer.h; path = Headers/C4EAGLES1Renderer.h; sourceTree = "<group>"; };
		0369B0BD188FDD91004DE207 /* C4EAGLESRenderer.h */ = {isa = PBXFileReference; lastKnownFileType = sourcecode.c.h; name = C4EAGLESRenderer.h; path = Headers/C4EAGLESRenderer.h; sourceTree = "<group>"; };
		0369B0BE188FDD91004DE207 /* C4EAGLLayer.h */ = {isa = PBXFileReference; lastKnownFileType = sourcecode.c.h; name = C4EAGLLayer.h; path = Headers/C4EAGLLayer.h; sourceTree = "<group>"; };
		0369B0BF188FDD91004DE207 /* C4Font.h */ = {isa = PBXFileReference; lastKnownFileType = sourcecode.c.h; name = C4Font.h; path = Headers/C4Font.h; sourceTree = "<group>"; };
		0369B0C0188FDD91004DE207 /* C4Foundation.h */ = {isa = PBXFileReference; lastKnownFileType = sourcecode.c.h; name = C4Foundation.h; path = Headers/C4Foundation.h; sourceTree = "<group>"; };
		0369B0C1188FDD91004DE207 /* C4Gesture.h */ = {isa = PBXFileReference; lastKnownFileType = sourcecode.c.h; name = C4Gesture.h; path = Headers/C4Gesture.h; sourceTree = "<group>"; };
		0369B0C2188FDD91004DE207 /* C4GL.h */ = {isa = PBXFileReference; lastKnownFileType = sourcecode.c.h; name = C4GL.h; path = Headers/C4GL.h; sourceTree = "<group>"; };
		0369B0C3188FDD91004DE207 /* C4GL1Renderer.h */ = {isa = PBXFileReference; lastKnownFileType = sourcecode.c.h; name = C4GL1Renderer.h; path = Headers/C4GL1Renderer.h; sourceTree = "<group>"; };
		0369B0C4188FDD92004DE207 /* C4Image.h */ = {isa = PBXFileReference; lastKnownFileType = sourcecode.c.h; name = C4Image.h; path = Headers/C4Image.h; sourceTree = "<group>"; };
		0369B0C5188FDD92004DE207 /* C4ImageView.h */ = {isa = PBXFileReference; lastKnownFileType = sourcecode.c.h; name = C4ImageView.h; path = Headers/C4ImageView.h; sourceTree = "<group>"; };
		0369B0C6188FDD92004DE207 /* C4Label.h */ = {isa = PBXFileReference; lastKnownFileType = sourcecode.c.h; name = C4Label.h; path = Headers/C4Label.h; sourceTree = "<group>"; };
		0369B0C7188FDD92004DE207 /* C4Layer.h */ = {isa = PBXFileReference; lastKnownFileType = sourcecode.c.h; name = C4Layer.h; path = Headers/C4Layer.h; sourceTree = "<group>"; };
		0369B0C8188FDD92004DE207 /* C4LayerAnimation.h */ = {isa = PBXFileReference; lastKnownFileType = sourcecode.c.h; name = C4LayerAnimation.h; path = Headers/C4LayerAnimation.h; sourceTree = "<group>"; };
		0369B0C9188FDD92004DE207 /* C4Math.h */ = {isa = PBXFileReference; lastKnownFileType = sourcecode.c.h; name = C4Math.h; path = Headers/C4Math.h; sourceTree = "<group>"; };
		0369B0CA188FDD92004DE207 /* C4MethodDelay.h */ = {isa = PBXFileReference; lastKnownFileType = sourcecode.c.h; name = C4MethodDelay.h; path = Headers/C4MethodDelay.h; sourceTree = "<group>"; };
		0369B0CB188FDD92004DE207 /* C4Movie.h */ = {isa = PBXFileReference; lastKnownFileType = sourcecode.c.h; name = C4Movie.h; path = Headers/C4Movie.h; sourceTree = "<group>"; };
		0369B0CC188FDD92004DE207 /* C4MovieLayer.h */ = {isa = PBXFileReference; lastKnownFileType = sourcecode.c.h; name = C4MovieLayer.h; path = Headers/C4MovieLayer.h; sourceTree = "<group>"; };
		0369B0CD188FDD92004DE207 /* C4Notification.h */ = {isa = PBXFileReference; lastKnownFileType = sourcecode.c.h; name = C4Notification.h; path = Headers/C4Notification.h; sourceTree = "<group>"; };
		0369B0CE188FDD92004DE207 /* C4Object.h */ = {isa = PBXFileReference; lastKnownFileType = sourcecode.c.h; name = C4Object.h; path = Headers/C4Object.h; sourceTree = "<group>"; };
		0369B0CF188FDD92004DE207 /* C4Sample.h */ = {isa = PBXFileReference; lastKnownFileType = sourcecode.c.h; name = C4Sample.h; path = Headers/C4Sample.h; sourceTree = "<group>"; };
		0369B0D0188FDD92004DE207 /* C4ScrollView.h */ = {isa = PBXFileReference; lastKnownFileType = sourcecode.c.h; name = C4ScrollView.h; path = Headers/C4ScrollView.h; sourceTree = "<group>"; };
		0369B0D1188FDD92004DE207 /* C4Shape.h */ = {isa = PBXFileReference; lastKnownFileType = sourcecode.c.h; name = C4Shape.h; path = Headers/C4Shape.h; sourceTree = "<group>"; };
		0369B0D2188FDD92004DE207 /* C4ShapeLayer.h */ = {isa = PBXFileReference; lastKnownFileType = sourcecode.c.h; name = C4ShapeLayer.h; path = Headers/C4ShapeLayer.h; sourceTree = "<group>"; };
		0369B0D3188FDD92004DE207 /* C4Slider.h */ = {isa = PBXFileReference; lastKnownFileType = sourcecode.c.h; name = C4Slider.h; path = Headers/C4Slider.h; sourceTree = "<group>"; };
		0369B0D4188FDD92004DE207 /* C4Stepper.h */ = {isa = PBXFileReference; lastKnownFileType = sourcecode.c.h; name = C4Stepper.h; path = Headers/C4Stepper.h; sourceTree = "<group>"; };
		0369B0D5188FDD92004DE207 /* C4Switch.h */ = {isa = PBXFileReference; lastKnownFileType = sourcecode.c.h; name = C4Switch.h; path = Headers/C4Switch.h; sourceTree = "<group>"; };
		0369B0D6188FDD92004DE207 /* C4Timer.h */ = {isa = PBXFileReference; lastKnownFileType = sourcecode.c.h; name = C4Timer.h; path = Headers/C4Timer.h; sourceTree = "<group>"; };
		0369B0D7188FDD92004DE207 /* C4UIElement.h */ = {isa = PBXFileReference; lastKnownFileType = sourcecode.c.h; name = C4UIElement.h; path = Headers/C4UIElement.h; sourceTree = "<group>"; };
		0369B0D8188FDD92004DE207 /* C4Vector.h */ = {isa = PBXFileReference; lastKnownFileType = sourcecode.c.h; name = C4Vector.h; path = Headers/C4Vector.h; sourceTree = "<group>"; };
		0369B0D9188FDD92004DE207 /* C4View.h */ = {isa = PBXFileReference; lastKnownFileType = sourcecode.c.h; name = C4View.h; path = Headers/C4View.h; sourceTree = "<group>"; };
		0369B0DA188FDD92004DE207 /* C4ViewController.h */ = {isa = PBXFileReference; lastKnownFileType = sourcecode.c.h; name = C4ViewController.h; path = Headers/C4ViewController.h; sourceTree = "<group>"; };
		0369B0DB188FDD92004DE207 /* C4Window.h */ = {isa = PBXFileReference; lastKnownFileType = sourcecode.c.h; name = C4Window.h; path = Headers/C4Window.h; sourceTree = "<group>"; };
		0369B0DC188FDD92004DE207 /* UIColor+CIColorFix.h */ = {isa = PBXFileReference; lastKnownFileType = sourcecode.c.h; name = "UIColor+CIColorFix.h"; path = "Headers/UIColor+CIColorFix.h"; sourceTree = "<group>"; };
		0369B0DD188FDD92004DE207 /* C4AppDelegate.m */ = {isa = PBXFileReference; lastKnownFileType = sourcecode.c.objc; name = C4AppDelegate.m; path = implementation/C4AppDelegate.m; sourceTree = "<group>"; };
		0369B0DF188FDD92004DE207 /* C4Loop.aif */ = {isa = PBXFileReference; lastKnownFileType = file; name = C4Loop.aif; path = Media/C4Loop.aif; sourceTree = "<group>"; };
		0369B0E1188FDD92004DE207 /* inception.mov */ = {isa = PBXFileReference; lastKnownFileType = video.quicktime; name = inception.mov; path = Media/inception.mov; sourceTree = "<group>"; };
		0369B0E3188FDD92004DE207 /* libC4.a */ = {isa = PBXFileReference; lastKnownFileType = archive.ar; path = libC4.a; sourceTree = "<group>"; };
		0369B0E7188FDD92004DE207 /* Base */ = {isa = PBXFileReference; lastKnownFileType = file.storyboard; name = Base; path = Base.lproj/Main.storyboard; sourceTree = "<group>"; };
		0369B0E9188FDD92004DE207 /* C4WorkSpace.h */ = {isa = PBXFileReference; lastKnownFileType = sourcecode.c.h; path = C4WorkSpace.h; sourceTree = "<group>"; };
		0369B0EA188FDD92004DE207 /* C4WorkSpace.m */ = {isa = PBXFileReference; lastKnownFileType = sourcecode.c.objc; path = C4WorkSpace.m; sourceTree = "<group>"; };
		0369B0F0188FDD92004DE207 /* SmileTests.xctest */ = {isa = PBXFileReference; explicitFileType = wrapper.cfbundle; includeInIndex = 0; path = SmileTests.xctest; sourceTree = BUILT_PRODUCTS_DIR; };
		0369B0F1188FDD92004DE207 /* XCTest.framework */ = {isa = PBXFileReference; lastKnownFileType = wrapper.framework; name = XCTest.framework; path = Library/Frameworks/XCTest.framework; sourceTree = DEVELOPER_DIR; };
		0369B0F9188FDD92004DE207 /* SmileTests-Info.plist */ = {isa = PBXFileReference; lastKnownFileType = text.plist.xml; path = "SmileTests-Info.plist"; sourceTree = "<group>"; };
		0369B0FB188FDD92004DE207 /* en */ = {isa = PBXFileReference; lastKnownFileType = text.plist.strings; name = en; path = en.lproj/InfoPlist.strings; sourceTree = "<group>"; };
		0369B0FD188FDD92004DE207 /* SmileTests.m */ = {isa = PBXFileReference; lastKnownFileType = sourcecode.c.objc; path = SmileTests.m; sourceTree = "<group>"; };
		0369B107188FDE7A004DE207 /* d.png */ = {isa = PBXFileReference; lastKnownFileType = image.png; path = d.png; sourceTree = "<group>"; };
		0369B109188FDFD7004DE207 /* border.png */ = {isa = PBXFileReference; lastKnownFileType = image.png; path = border.png; sourceTree = "<group>"; };
		037317EF1892529000788A63 /* WorkSpaceA.h */ = {isa = PBXFileReference; fileEncoding = 4; lastKnownFileType = sourcecode.c.h; path = WorkSpaceA.h; sourceTree = "<group>"; };
		037317F01892529000788A63 /* WorkSpaceA.m */ = {isa = PBXFileReference; fileEncoding = 4; lastKnownFileType = sourcecode.c.objc; path = WorkSpaceA.m; sourceTree = "<group>"; };
		037317F11892529000788A63 /* WorkSpaceA.xib */ = {isa = PBXFileReference; fileEncoding = 4; lastKnownFileType = file.xib; path = WorkSpaceA.xib; sourceTree = "<group>"; };
		037317F41892529F00788A63 /* WorkSpaceB.h */ = {isa = PBXFileReference; fileEncoding = 4; lastKnownFileType = sourcecode.c.h; path = WorkSpaceB.h; sourceTree = "<group>"; };
		037317F5189252A000788A63 /* WorkSpaceB.m */ = {isa = PBXFileReference; fileEncoding = 4; lastKnownFileType = sourcecode.c.objc; path = WorkSpaceB.m; sourceTree = "<group>"; };
		037317F6189252A000788A63 /* WorkSpaceB.xib */ = {isa = PBXFileReference; fileEncoding = 4; lastKnownFileType = file.xib; path = WorkSpaceB.xib; sourceTree = "<group>"; };
		037317F91892621000788A63 /* BaseWorkSpace.h */ = {isa = PBXFileReference; fileEncoding = 4; lastKnownFileType = sourcecode.c.h; path = BaseWorkSpace.h; sourceTree = "<group>"; };
		037317FA1892621000788A63 /* BaseWorkSpace.m */ = {isa = PBXFileReference; fileEncoding = 4; lastKnownFileType = sourcecode.c.objc; path = BaseWorkSpace.m; sourceTree = "<group>"; };
		037317FC1892776500788A63 /* d_small.png */ = {isa = PBXFileReference; lastKnownFileType = image.png; path = d_small.png; sourceTree = "<group>"; };
		037317FF1892EC8D00788A63 /* d4.wav */ = {isa = PBXFileReference; lastKnownFileType = audio.wav; path = d4.wav; sourceTree = "<group>"; };
		037318011893485700788A63 /* Images.xcassets */ = {isa = PBXFileReference; lastKnownFileType = folder.assetcatalog; path = Images.xcassets; sourceTree = "<group>"; };
		06E94246D09A4255A0CBE775 /* libPods.a */ = {isa = PBXFileReference; explicitFileType = archive.ar; includeInIndex = 0; path = libPods.a; sourceTree = BUILT_PRODUCTS_DIR; };
		1201D1F53973484DA5E0150E /* Pods.xcconfig */ = {isa = PBXFileReference; includeInIndex = 1; lastKnownFileType = text.xcconfig; name = Pods.xcconfig; path = Pods/Pods.xcconfig; sourceTree = "<group>"; };
		24D723107A9A49F68DF528BF /* Pods-SmileTests.xcconfig */ = {isa = PBXFileReference; includeInIndex = 1; lastKnownFileType = text.xcconfig; name = "Pods-SmileTests.xcconfig"; path = "Pods/Pods-SmileTests.xcconfig"; sourceTree = "<group>"; };
		6AF57FCE95B04AB8B7C96AA8 /* libPods-SmileTests.a */ = {isa = PBXFileReference; explicitFileType = archive.ar; includeInIndex = 0; path = "libPods-SmileTests.a"; sourceTree = BUILT_PRODUCTS_DIR; };
/* End PBXFileReference section */

/* Begin PBXFrameworksBuildPhase section */
		0369B086188FDD91004DE207 /* Frameworks */ = {
			isa = PBXFrameworksBuildPhase;
			buildActionMask = 2147483647;
			files = (
				0369B0E4188FDD92004DE207 /* libC4.a in Frameworks */,
				0369B09F188FDD91004DE207 /* QuartzCore.framework in Frameworks */,
				0369B0A1188FDD91004DE207 /* UIKit.framework in Frameworks */,
				0369B097188FDD91004DE207 /* CoreMedia.framework in Frameworks */,
				0369B093188FDD91004DE207 /* CoreGraphics.framework in Frameworks */,
				0369B08F188FDD91004DE207 /* AVFoundation.framework in Frameworks */,
				0369B095188FDD91004DE207 /* CoreImage.framework in Frameworks */,
				0369B099188FDD91004DE207 /* CoreText.framework in Frameworks */,
				0369B08D188FDD91004DE207 /* Accelerate.framework in Frameworks */,
				0369B091188FDD91004DE207 /* CoreFoundation.framework in Frameworks */,
				0369B09B188FDD91004DE207 /* Foundation.framework in Frameworks */,
				0369B09D188FDD91004DE207 /* OpenGLES.framework in Frameworks */,
				0F1E35241E744BCB98A26C4C /* libPods.a in Frameworks */,
			);
			runOnlyForDeploymentPostprocessing = 0;
		};
		0369B0ED188FDD92004DE207 /* Frameworks */ = {
			isa = PBXFrameworksBuildPhase;
			buildActionMask = 2147483647;
			files = (
				0369B0F2188FDD92004DE207 /* XCTest.framework in Frameworks */,
				0369B0F4188FDD92004DE207 /* UIKit.framework in Frameworks */,
				0369B0F3188FDD92004DE207 /* Foundation.framework in Frameworks */,
				04371DD356AC48C3A13ED700 /* libPods-SmileTests.a in Frameworks */,
			);
			runOnlyForDeploymentPostprocessing = 0;
		};
/* End PBXFrameworksBuildPhase section */

/* Begin PBXGroup section */
		0369B080188FDD91004DE207 = {
			isa = PBXGroup;
			children = (
				0369B0A2188FDD91004DE207 /* Smile */,
				0369B0F7188FDD92004DE207 /* SmileTests */,
				0369B08B188FDD91004DE207 /* Frameworks */,
				0369B08A188FDD91004DE207 /* Products */,
				1201D1F53973484DA5E0150E /* Pods.xcconfig */,
				24D723107A9A49F68DF528BF /* Pods-SmileTests.xcconfig */,
			);
			sourceTree = "<group>";
		};
		0369B08A188FDD91004DE207 /* Products */ = {
			isa = PBXGroup;
			children = (
				0369B089188FDD91004DE207 /* Smile.app */,
				0369B0F0188FDD92004DE207 /* SmileTests.xctest */,
			);
			name = Products;
			sourceTree = "<group>";
		};
		0369B08B188FDD91004DE207 /* Frameworks */ = {
			isa = PBXGroup;
			children = (
				0369B08C188FDD91004DE207 /* Accelerate.framework */,
				0369B08E188FDD91004DE207 /* AVFoundation.framework */,
				0369B090188FDD91004DE207 /* CoreFoundation.framework */,
				0369B092188FDD91004DE207 /* CoreGraphics.framework */,
				0369B094188FDD91004DE207 /* CoreImage.framework */,
				0369B096188FDD91004DE207 /* CoreMedia.framework */,
				0369B098188FDD91004DE207 /* CoreText.framework */,
				0369B09A188FDD91004DE207 /* Foundation.framework */,
				0369B09C188FDD91004DE207 /* OpenGLES.framework */,
				0369B09E188FDD91004DE207 /* QuartzCore.framework */,
				0369B0A0188FDD91004DE207 /* UIKit.framework */,
				0369B0F1188FDD92004DE207 /* XCTest.framework */,
				06E94246D09A4255A0CBE775 /* libPods.a */,
				6AF57FCE95B04AB8B7C96AA8 /* libPods-SmileTests.a */,
			);
			name = Frameworks;
			sourceTree = "<group>";
		};
		0369B0A2188FDD91004DE207 /* Smile */ = {
			isa = PBXGroup;
			children = (
				0369B0E9188FDD92004DE207 /* C4WorkSpace.h */,
				0369B0EA188FDD92004DE207 /* C4WorkSpace.m */,
				0369B107188FDE7A004DE207 /* d.png */,
				037317FC1892776500788A63 /* d_small.png */,
				0369B109188FDFD7004DE207 /* border.png */,
				037317FF1892EC8D00788A63 /* d4.wav */,
				0369B0AB188FDD91004DE207 /* Media */,
				0369B0B0188FDD91004DE207 /* Framework */,
				0369B0E5188FDD92004DE207 /* Storyboards */,
				0369B0A3188FDD91004DE207 /* Supporting Files */,
				037317F91892621000788A63 /* BaseWorkSpace.h */,
				037317FA1892621000788A63 /* BaseWorkSpace.m */,
				03610A5318954F48002C5CCD /* EntranceWorkSpace.h */,
				03610A5418954F48002C5CCD /* EntranceWorkSpace.m */,
				03610A5518954F48002C5CCD /* EntranceWorkSpace.xib */,
				037317EF1892529000788A63 /* WorkSpaceA.h */,
				037317F01892529000788A63 /* WorkSpaceA.m */,
				037317F11892529000788A63 /* WorkSpaceA.xib */,
				037317F41892529F00788A63 /* WorkSpaceB.h */,
				037317F5189252A000788A63 /* WorkSpaceB.m */,
				037317F6189252A000788A63 /* WorkSpaceB.xib */,
			);
			path = Smile;
			sourceTree = "<group>";
		};
		0369B0A3188FDD91004DE207 /* Supporting Files */ = {
			isa = PBXGroup;
			children = (
				0369B0A4188FDD91004DE207 /* Smile-Info.plist */,
				0369B0A5188FDD91004DE207 /* InfoPlist.strings */,
				0369B0A8188FDD91004DE207 /* main.m */,
				0369B0AA188FDD91004DE207 /* Smile-Prefix.pch */,
				0369B0B3188FDD91004DE207 /* C4AppDelegate.h */,
				0369B0DD188FDD92004DE207 /* C4AppDelegate.m */,
			);
			name = "Supporting Files";
			sourceTree = "<group>";
		};
		0369B0AB188FDD91004DE207 /* Media */ = {
			isa = PBXGroup;
			children = (
				037318011893485700788A63 /* Images.xcassets */,
				0369B0AE188FDD91004DE207 /* Media.xcassets */,
				0369B0DF188FDD92004DE207 /* C4Loop.aif */,
				0369B0E1188FDD92004DE207 /* inception.mov */,
			);
			name = Media;
			sourceTree = "<group>";
		};
		0369B0B0188FDD91004DE207 /* Framework */ = {
			isa = PBXGroup;
			children = (
				0369B0B1188FDD91004DE207 /* C4ActivityIndicator.h */,
				0369B0B2188FDD91004DE207 /* C4AddSubview.h */,
				0369B0B4188FDD91004DE207 /* C4AssertionHandler.h */,
				0369B0B5188FDD91004DE207 /* C4Button.h */,
				0369B0B6188FDD91004DE207 /* C4Camera.h */,
				0369B0B7188FDD91004DE207 /* C4CameraController.h */,
				0369B0B8188FDD91004DE207 /* C4CameraLayer.h */,
				0369B0B9188FDD91004DE207 /* C4CanvasController.h */,
				0369B0BA188FDD91004DE207 /* C4Control.h */,
				0369B0BB188FDD91004DE207 /* C4Defines.h */,
				0369B0BC188FDD91004DE207 /* C4EAGLES1Renderer.h */,
				0369B0BD188FDD91004DE207 /* C4EAGLESRenderer.h */,
				0369B0BE188FDD91004DE207 /* C4EAGLLayer.h */,
				0369B0BF188FDD91004DE207 /* C4Font.h */,
				0369B0C0188FDD91004DE207 /* C4Foundation.h */,
				0369B0C1188FDD91004DE207 /* C4Gesture.h */,
				0369B0C2188FDD91004DE207 /* C4GL.h */,
				0369B0C3188FDD91004DE207 /* C4GL1Renderer.h */,
				0369B0C4188FDD92004DE207 /* C4Image.h */,
				0369B0C5188FDD92004DE207 /* C4ImageView.h */,
				0369B0C6188FDD92004DE207 /* C4Label.h */,
				0369B0C7188FDD92004DE207 /* C4Layer.h */,
				0369B0C8188FDD92004DE207 /* C4LayerAnimation.h */,
				0369B0C9188FDD92004DE207 /* C4Math.h */,
				0369B0CA188FDD92004DE207 /* C4MethodDelay.h */,
				0369B0CB188FDD92004DE207 /* C4Movie.h */,
				0369B0CC188FDD92004DE207 /* C4MovieLayer.h */,
				0369B0CD188FDD92004DE207 /* C4Notification.h */,
				0369B0CE188FDD92004DE207 /* C4Object.h */,
				0369B0CF188FDD92004DE207 /* C4Sample.h */,
				0369B0D0188FDD92004DE207 /* C4ScrollView.h */,
				0369B0D1188FDD92004DE207 /* C4Shape.h */,
				0369B0D2188FDD92004DE207 /* C4ShapeLayer.h */,
				0369B0D3188FDD92004DE207 /* C4Slider.h */,
				0369B0D4188FDD92004DE207 /* C4Stepper.h */,
				0369B0D5188FDD92004DE207 /* C4Switch.h */,
				0369B0D6188FDD92004DE207 /* C4Timer.h */,
				0369B0D7188FDD92004DE207 /* C4UIElement.h */,
				0369B0D8188FDD92004DE207 /* C4Vector.h */,
				0369B0D9188FDD92004DE207 /* C4View.h */,
				0369B0DA188FDD92004DE207 /* C4ViewController.h */,
				0369B0DB188FDD92004DE207 /* C4Window.h */,
				0369B0DC188FDD92004DE207 /* UIColor+CIColorFix.h */,
				0369B0E3188FDD92004DE207 /* libC4.a */,
			);
			name = Framework;
			sourceTree = "<group>";
		};
		0369B0E5188FDD92004DE207 /* Storyboards */ = {
			isa = PBXGroup;
			children = (
				0369B0E6188FDD92004DE207 /* Main.storyboard */,
			);
			name = Storyboards;
			sourceTree = "<group>";
		};
		0369B0F7188FDD92004DE207 /* SmileTests */ = {
			isa = PBXGroup;
			children = (
				0369B0FD188FDD92004DE207 /* SmileTests.m */,
				0369B0F8188FDD92004DE207 /* Supporting Files */,
			);
			path = SmileTests;
			sourceTree = "<group>";
		};
		0369B0F8188FDD92004DE207 /* Supporting Files */ = {
			isa = PBXGroup;
			children = (
				0369B0F9188FDD92004DE207 /* SmileTests-Info.plist */,
				0369B0FA188FDD92004DE207 /* InfoPlist.strings */,
			);
			name = "Supporting Files";
			sourceTree = "<group>";
		};
/* End PBXGroup section */

/* Begin PBXNativeTarget section */
		0369B088188FDD91004DE207 /* Smile */ = {
			isa = PBXNativeTarget;
			buildConfigurationList = 0369B101188FDD92004DE207 /* Build configuration list for PBXNativeTarget "Smile" */;
			buildPhases = (
				A0149E05C5BA4939873DAC6D /* Check Pods Manifest.lock */,
				0369B085188FDD91004DE207 /* Sources */,
				0369B086188FDD91004DE207 /* Frameworks */,
				0369B087188FDD91004DE207 /* Resources */,
				11AC4F4679B64C59B876BE47 /* Copy Pods Resources */,
			);
			buildRules = (
			);
			dependencies = (
			);
			name = Smile;
			productName = Smile;
			productReference = 0369B089188FDD91004DE207 /* Smile.app */;
			productType = "com.apple.product-type.application";
		};
		0369B0EF188FDD92004DE207 /* SmileTests */ = {
			isa = PBXNativeTarget;
			buildConfigurationList = 0369B104188FDD92004DE207 /* Build configuration list for PBXNativeTarget "SmileTests" */;
			buildPhases = (
				AF87A0B9745445588DD553E0 /* Check Pods Manifest.lock */,
				0369B0EC188FDD92004DE207 /* Sources */,
				0369B0ED188FDD92004DE207 /* Frameworks */,
				0369B0EE188FDD92004DE207 /* Resources */,
				6DA5856AF1B94FBCB4409C34 /* Copy Pods Resources */,
			);
			buildRules = (
			);
			dependencies = (
				0369B0F6188FDD92004DE207 /* PBXTargetDependency */,
			);
			name = SmileTests;
			productName = SmileTests;
			productReference = 0369B0F0188FDD92004DE207 /* SmileTests.xctest */;
			productType = "com.apple.product-type.bundle.unit-test";
		};
/* End PBXNativeTarget section */

/* Begin PBXProject section */
		0369B081188FDD91004DE207 /* Project object */ = {
			isa = PBXProject;
			attributes = {
				CLASSPREFIX = FC;
				LastUpgradeCheck = 0500;
				ORGANIZATIONNAME = "Takatomo Okitsu";
				TargetAttributes = {
					0369B088188FDD91004DE207 = {
						DevelopmentTeam = 8G5BMN32BJ;
					};
					0369B0EF188FDD92004DE207 = {
						TestTargetID = 0369B088188FDD91004DE207;
					};
				};
			};
			buildConfigurationList = 0369B084188FDD91004DE207 /* Build configuration list for PBXProject "Smile" */;
			compatibilityVersion = "Xcode 3.2";
			developmentRegion = English;
			hasScannedForEncodings = 0;
			knownRegions = (
				en,
				Base,
			);
			mainGroup = 0369B080188FDD91004DE207;
			productRefGroup = 0369B08A188FDD91004DE207 /* Products */;
			projectDirPath = "";
			projectRoot = "";
			targets = (
				0369B088188FDD91004DE207 /* Smile */,
				0369B0EF188FDD92004DE207 /* SmileTests */,
			);
		};
/* End PBXProject section */

/* Begin PBXResourcesBuildPhase section */
		0369B087188FDD91004DE207 /* Resources */ = {
			isa = PBXResourcesBuildPhase;
			buildActionMask = 2147483647;
			files = (
				0369B0A7188FDD91004DE207 /* InfoPlist.strings in Resources */,
				0369B0E0188FDD92004DE207 /* C4Loop.aif in Resources */,
				037318001892EC8D00788A63 /* d4.wav in Resources */,
				037317F31892529000788A63 /* WorkSpaceA.xib in Resources */,
				037317FD1892776500788A63 /* d_small.png in Resources */,
				0369B0AF188FDD91004DE207 /* Media.xcassets in Resources */,
				037317F8189252A000788A63 /* WorkSpaceB.xib in Resources */,
				0369B10A188FDFD7004DE207 /* border.png in Resources */,
				0369B0E8188FDD92004DE207 /* Main.storyboard in Resources */,
				037318021893485700788A63 /* Images.xcassets in Resources */,
				03610A5718954F48002C5CCD /* EntranceWorkSpace.xib in Resources */,
				0369B108188FDE7A004DE207 /* d.png in Resources */,
				0369B0E2188FDD92004DE207 /* inception.mov in Resources */,
			);
			runOnlyForDeploymentPostprocessing = 0;
		};
		0369B0EE188FDD92004DE207 /* Resources */ = {
			isa = PBXResourcesBuildPhase;
			buildActionMask = 2147483647;
			files = (
				0369B0FC188FDD92004DE207 /* InfoPlist.strings in Resources */,
			);
			runOnlyForDeploymentPostprocessing = 0;
		};
/* End PBXResourcesBuildPhase section */

/* Begin PBXShellScriptBuildPhase section */
		11AC4F4679B64C59B876BE47 /* Copy Pods Resources */ = {
			isa = PBXShellScriptBuildPhase;
			buildActionMask = 2147483647;
			files = (
			);
			inputPaths = (
			);
			name = "Copy Pods Resources";
			outputPaths = (
			);
			runOnlyForDeploymentPostprocessing = 0;
			shellPath = /bin/sh;
			shellScript = "\"${SRCROOT}/Pods/Pods-resources.sh\"\n";
			showEnvVarsInLog = 0;
		};
		6DA5856AF1B94FBCB4409C34 /* Copy Pods Resources */ = {
			isa = PBXShellScriptBuildPhase;
			buildActionMask = 2147483647;
			files = (
			);
			inputPaths = (
			);
			name = "Copy Pods Resources";
			outputPaths = (
			);
			runOnlyForDeploymentPostprocessing = 0;
			shellPath = /bin/sh;
			shellScript = "\"${SRCROOT}/Pods/Pods-SmileTests-resources.sh\"\n";
			showEnvVarsInLog = 0;
		};
		A0149E05C5BA4939873DAC6D /* Check Pods Manifest.lock */ = {
			isa = PBXShellScriptBuildPhase;
			buildActionMask = 2147483647;
			files = (
			);
			inputPaths = (
			);
			name = "Check Pods Manifest.lock";
			outputPaths = (
			);
			runOnlyForDeploymentPostprocessing = 0;
			shellPath = /bin/sh;
			shellScript = "diff \"${PODS_ROOT}/../Podfile.lock\" \"${PODS_ROOT}/Manifest.lock\" > /dev/null\nif [[ $? != 0 ]] ; then\n    cat << EOM\nerror: The sandbox is not in sync with the Podfile.lock. Run 'pod install' or update your CocoaPods installation.\nEOM\n    exit 1\nfi\n";
			showEnvVarsInLog = 0;
		};
		AF87A0B9745445588DD553E0 /* Check Pods Manifest.lock */ = {
			isa = PBXShellScriptBuildPhase;
			buildActionMask = 2147483647;
			files = (
			);
			inputPaths = (
			);
			name = "Check Pods Manifest.lock";
			outputPaths = (
			);
			runOnlyForDeploymentPostprocessing = 0;
			shellPath = /bin/sh;
			shellScript = "diff \"${PODS_ROOT}/../Podfile.lock\" \"${PODS_ROOT}/Manifest.lock\" > /dev/null\nif [[ $? != 0 ]] ; then\n    cat << EOM\nerror: The sandbox is not in sync with the Podfile.lock. Run 'pod install' or update your CocoaPods installation.\nEOM\n    exit 1\nfi\n";
			showEnvVarsInLog = 0;
		};
/* End PBXShellScriptBuildPhase section */

/* Begin PBXSourcesBuildPhase section */
		0369B085188FDD91004DE207 /* Sources */ = {
			isa = PBXSourcesBuildPhase;
			buildActionMask = 2147483647;
			files = (
				0369B0A9188FDD91004DE207 /* main.m in Sources */,
				037317F7189252A000788A63 /* WorkSpaceB.m in Sources */,
				0369B0EB188FDD92004DE207 /* C4WorkSpace.m in Sources */,
				03610A5618954F48002C5CCD /* EntranceWorkSpace.m in Sources */,
				0369B0DE188FDD92004DE207 /* C4AppDelegate.m in Sources */,
				037317FB1892621000788A63 /* BaseWorkSpace.m in Sources */,
				037317F21892529000788A63 /* WorkSpaceA.m in Sources */,
			);
			runOnlyForDeploymentPostprocessing = 0;
		};
		0369B0EC188FDD92004DE207 /* Sources */ = {
			isa = PBXSourcesBuildPhase;
			buildActionMask = 2147483647;
			files = (
				0369B0FE188FDD92004DE207 /* SmileTests.m in Sources */,
			);
			runOnlyForDeploymentPostprocessing = 0;
		};
/* End PBXSourcesBuildPhase section */

/* Begin PBXTargetDependency section */
		0369B0F6188FDD92004DE207 /* PBXTargetDependency */ = {
			isa = PBXTargetDependency;
			target = 0369B088188FDD91004DE207 /* Smile */;
			targetProxy = 0369B0F5188FDD92004DE207 /* PBXContainerItemProxy */;
		};
/* End PBXTargetDependency section */

/* Begin PBXVariantGroup section */
		0369B0A5188FDD91004DE207 /* InfoPlist.strings */ = {
			isa = PBXVariantGroup;
			children = (
				0369B0A6188FDD91004DE207 /* en */,
			);
			name = InfoPlist.strings;
			sourceTree = "<group>";
		};
		0369B0E6188FDD92004DE207 /* Main.storyboard */ = {
			isa = PBXVariantGroup;
			children = (
				0369B0E7188FDD92004DE207 /* Base */,
			);
			name = Main.storyboard;
			sourceTree = "<group>";
		};
		0369B0FA188FDD92004DE207 /* InfoPlist.strings */ = {
			isa = PBXVariantGroup;
			children = (
				0369B0FB188FDD92004DE207 /* en */,
			);
			name = InfoPlist.strings;
			sourceTree = "<group>";
		};
/* End PBXVariantGroup section */

/* Begin XCBuildConfiguration section */
		0369B0FF188FDD92004DE207 /* Debug */ = {
			isa = XCBuildConfiguration;
			buildSettings = {
				ALWAYS_SEARCH_USER_PATHS = NO;
				ARCHS = "$(ARCHS_STANDARD_INCLUDING_64_BIT)";
				CLANG_CXX_LANGUAGE_STANDARD = "gnu++0x";
				CLANG_CXX_LIBRARY = "libc++";
				CLANG_ENABLE_MODULES = YES;
				CLANG_ENABLE_OBJC_ARC = YES;
				CLANG_WARN_BOOL_CONVERSION = YES;
				CLANG_WARN_CONSTANT_CONVERSION = YES;
				CLANG_WARN_DIRECT_OBJC_ISA_USAGE = YES_ERROR;
				CLANG_WARN_EMPTY_BODY = YES;
				CLANG_WARN_ENUM_CONVERSION = YES;
				CLANG_WARN_INT_CONVERSION = YES;
				CLANG_WARN_OBJC_ROOT_CLASS = YES_ERROR;
				CLANG_WARN__DUPLICATE_METHOD_MATCH = YES;
				"CODE_SIGN_IDENTITY[sdk=iphoneos*]" = "iPhone Developer";
				COPY_PHASE_STRIP = NO;
				GCC_C_LANGUAGE_STANDARD = gnu99;
				GCC_DYNAMIC_NO_PIC = NO;
				GCC_OPTIMIZATION_LEVEL = 0;
				GCC_PREPROCESSOR_DEFINITIONS = (
					"DEBUG=1",
					"$(inherited)",
				);
				GCC_SYMBOLS_PRIVATE_EXTERN = NO;
				GCC_WARN_64_TO_32_BIT_CONVERSION = YES;
				GCC_WARN_ABOUT_RETURN_TYPE = YES_ERROR;
				GCC_WARN_UNDECLARED_SELECTOR = YES;
				GCC_WARN_UNINITIALIZED_AUTOS = YES;
				GCC_WARN_UNUSED_FUNCTION = YES;
				GCC_WARN_UNUSED_VARIABLE = YES;
				IPHONEOS_DEPLOYMENT_TARGET = 7.0;
				ONLY_ACTIVE_ARCH = YES;
				SDKROOT = iphoneos;
				TARGETED_DEVICE_FAMILY = 2;
			};
			name = Debug;
		};
		0369B100188FDD92004DE207 /* Release */ = {
			isa = XCBuildConfiguration;
			buildSettings = {
				ALWAYS_SEARCH_USER_PATHS = NO;
				ARCHS = "$(ARCHS_STANDARD_INCLUDING_64_BIT)";
				CLANG_CXX_LANGUAGE_STANDARD = "gnu++0x";
				CLANG_CXX_LIBRARY = "libc++";
				CLANG_ENABLE_MODULES = YES;
				CLANG_ENABLE_OBJC_ARC = YES;
				CLANG_WARN_BOOL_CONVERSION = YES;
				CLANG_WARN_CONSTANT_CONVERSION = YES;
				CLANG_WARN_DIRECT_OBJC_ISA_USAGE = YES_ERROR;
				CLANG_WARN_EMPTY_BODY = YES;
				CLANG_WARN_ENUM_CONVERSION = YES;
				CLANG_WARN_INT_CONVERSION = YES;
				CLANG_WARN_OBJC_ROOT_CLASS = YES_ERROR;
				CLANG_WARN__DUPLICATE_METHOD_MATCH = YES;
				"CODE_SIGN_IDENTITY[sdk=iphoneos*]" = "iPhone Developer";
				COPY_PHASE_STRIP = YES;
				ENABLE_NS_ASSERTIONS = NO;
				GCC_C_LANGUAGE_STANDARD = gnu99;
				GCC_WARN_64_TO_32_BIT_CONVERSION = YES;
				GCC_WARN_ABOUT_RETURN_TYPE = YES_ERROR;
				GCC_WARN_UNDECLARED_SELECTOR = YES;
				GCC_WARN_UNINITIALIZED_AUTOS = YES;
				GCC_WARN_UNUSED_FUNCTION = YES;
				GCC_WARN_UNUSED_VARIABLE = YES;
				IPHONEOS_DEPLOYMENT_TARGET = 7.0;
				SDKROOT = iphoneos;
				TARGETED_DEVICE_FAMILY = 2;
				VALIDATE_PRODUCT = YES;
			};
			name = Release;
		};
		0369B102188FDD92004DE207 /* Debug */ = {
			isa = XCBuildConfiguration;
			baseConfigurationReference = 1201D1F53973484DA5E0150E /* Pods.xcconfig */;
			buildSettings = {
				ARCHS = "$(ARCHS_STANDARD_32_BIT)";
				CODE_SIGN_IDENTITY = "iPhone Developer";
				"CODE_SIGN_IDENTITY[sdk=iphoneos*]" = "iPhone Developer";
				GCC_PRECOMPILE_PREFIX_HEADER = YES;
				GCC_PREFIX_HEADER = "Smile/Smile-Prefix.pch";
				INFOPLIST_FILE = "Smile/Smile-Info.plist";
				LIBRARY_SEARCH_PATHS = (
					"$(inherited)",
					/Users/okitsu.takatomo/Documents/workspace/Smile/Smile,
				);
				PRODUCT_NAME = "$(TARGET_NAME)";
				PROVISIONING_PROFILE = "";
				WRAPPER_EXTENSION = app;
			};
			name = Debug;
		};
		0369B103188FDD92004DE207 /* Release */ = {
			isa = XCBuildConfiguration;
			baseConfigurationReference = 1201D1F53973484DA5E0150E /* Pods.xcconfig */;
			buildSettings = {
				ARCHS = "$(ARCHS_STANDARD_32_BIT)";
				CODE_SIGN_IDENTITY = "iPhone Distribution";
				"CODE_SIGN_IDENTITY[sdk=iphoneos*]" = "iPhone Distribution";
				GCC_PRECOMPILE_PREFIX_HEADER = YES;
				GCC_PREFIX_HEADER = "Smile/Smile-Prefix.pch";
				INFOPLIST_FILE = "Smile/Smile-Info.plist";
				LIBRARY_SEARCH_PATHS = (
					"$(inherited)",
					/Users/okitsu.takatomo/Documents/workspace/Smile/Smile,
				);
				PRODUCT_NAME = "$(TARGET_NAME)";
				PROVISIONING_PROFILE = "41AB3D01-1711-4BD2-8980-1329E59DAD34";
				WRAPPER_EXTENSION = app;
			};
			name = Release;
		};
		0369B105188FDD92004DE207 /* Debug */ = {
			isa = XCBuildConfiguration;
			baseConfigurationReference = 24D723107A9A49F68DF528BF /* Pods-SmileTests.xcconfig */;
			buildSettings = {
				ARCHS = "$(ARCHS_STANDARD_INCLUDING_64_BIT)";
				BUNDLE_LOADER = "$(BUILT_PRODUCTS_DIR)/Smile.app/Smile";
				FRAMEWORK_SEARCH_PATHS = (
					"$(SDKROOT)/Developer/Library/Frameworks",
					"$(inherited)",
					"$(DEVELOPER_FRAMEWORKS_DIR)",
				);
				GCC_PRECOMPILE_PREFIX_HEADER = YES;
				GCC_PREFIX_HEADER = "Smile/Smile-Prefix.pch";
				GCC_PREPROCESSOR_DEFINITIONS = (
					"DEBUG=1",
					"$(inherited)",
				);
				INFOPLIST_FILE = "SmileTests/SmileTests-Info.plist";
				PRODUCT_NAME = "$(TARGET_NAME)";
				TEST_HOST = "$(BUNDLE_LOADER)";
				WRAPPER_EXTENSION = xctest;
			};
			name = Debug;
		};
		0369B106188FDD92004DE207 /* Release */ = {
			isa = XCBuildConfiguration;
			baseConfigurationReference = 24D723107A9A49F68DF528BF /* Pods-SmileTests.xcconfig */;
			buildSettings = {
				ARCHS = "$(ARCHS_STANDARD_INCLUDING_64_BIT)";
				BUNDLE_LOADER = "$(BUILT_PRODUCTS_DIR)/Smile.app/Smile";
				FRAMEWORK_SEARCH_PATHS = (
					"$(SDKROOT)/Developer/Library/Frameworks",
					"$(inherited)",
					"$(DEVELOPER_FRAMEWORKS_DIR)",
				);
				GCC_PRECOMPILE_PREFIX_HEADER = YES;
				GCC_PREFIX_HEADER = "Smile/Smile-Prefix.pch";
				INFOPLIST_FILE = "SmileTests/SmileTests-Info.plist";
				PRODUCT_NAME = "$(TARGET_NAME)";
				TEST_HOST = "$(BUNDLE_LOADER)";
				WRAPPER_EXTENSION = xctest;
			};
			name = Release;
		};
/* End XCBuildConfiguration section */

/* Begin XCConfigurationList section */
		0369B084188FDD91004DE207 /* Build configuration list for PBXProject "Smile" */ = {
			isa = XCConfigurationList;
			buildConfigurations = (
				0369B0FF188FDD92004DE207 /* Debug */,
				0369B100188FDD92004DE207 /* Release */,
			);
			defaultConfigurationIsVisible = 0;
			defaultConfigurationName = Release;
		};
		0369B101188FDD92004DE207 /* Build configuration list for PBXNativeTarget "Smile" */ = {
			isa = XCConfigurationList;
			buildConfigurations = (
				0369B102188FDD92004DE207 /* Debug */,
				0369B103188FDD92004DE207 /* Release */,
			);
			defaultConfigurationIsVisible = 0;
			defaultConfigurationName = Release;
		};
		0369B104188FDD92004DE207 /* Build configuration list for PBXNativeTarget "SmileTests" */ = {
			isa = XCConfigurationList;
			buildConfigurations = (
				0369B105188FDD92004DE207 /* Debug */,
				0369B106188FDD92004DE207 /* Release */,
			);
			defaultConfigurationIsVisible = 0;
			defaultConfigurationName = Release;
		};
/* End XCConfigurationList section */
	};
	rootObject = 0369B081188FDD91004DE207 /* Project object */;
}
